# THIS IS AN AUTOGENERATED FILE. DO NOT EDIT THIS FILE DIRECTLY.
# yarn lockfile v1


"@types/eslint-visitor-keys@^1.0.0":
  version "1.0.0"
  resolved "https://registry.yarnpkg.com/@types/eslint-visitor-keys/-/eslint-visitor-keys-1.0.0.tgz#1ee30d79544ca84d68d4b3cdb0af4f205663dd2d"
  integrity sha512-OCutwjDZ4aFS6PB1UZ988C4YgwlBHJd6wCeQqaLdmadZ/7e+w79+hbMUFC1QXDNCmdyoRfAFdm0RypzwR+Qpag==

"@types/json-schema@^7.0.3":
  version "7.0.3"
  resolved "https://registry.yarnpkg.com/@types/json-schema/-/json-schema-7.0.3.tgz#bdfd69d61e464dcc81b25159c270d75a73c1a636"
  integrity sha512-Il2DtDVRGDcqjDtE+rF8iqg1CArehSK84HZJCT7AMITlyXRBpuPhqGLDQMowraqqu1coEaimg4ZOqggt6L6L+A==

"@types/node@^12.6.8":
  version "12.6.8"
  resolved "https://registry.yarnpkg.com/@types/node/-/node-12.6.8.tgz#e469b4bf9d1c9832aee4907ba8a051494357c12c"
  integrity sha512-aX+gFgA5GHcDi89KG5keey2zf0WfZk/HAQotEamsK2kbey+8yGKcson0hbK8E+v0NArlCJQCqMP161YhV6ZXLg==

"@typescript-eslint/experimental-utils@1.13.0":
  version "1.13.0"
  resolved "https://registry.yarnpkg.com/@typescript-eslint/experimental-utils/-/experimental-utils-1.13.0.tgz#b08c60d780c0067de2fb44b04b432f540138301e"
  integrity sha512-zmpS6SyqG4ZF64ffaJ6uah6tWWWgZ8m+c54XXgwFtUv0jNz8aJAVx8chMCvnk7yl6xwn8d+d96+tWp7fXzTuDg==
  dependencies:
    "@types/json-schema" "^7.0.3"
    "@typescript-eslint/typescript-estree" "1.13.0"
    eslint-scope "^4.0.0"

"@typescript-eslint/parser@^1.13.0":
  version "1.13.0"
  resolved "https://registry.yarnpkg.com/@typescript-eslint/parser/-/parser-1.13.0.tgz#61ac7811ea52791c47dc9fd4dd4a184fae9ac355"
  integrity sha512-ITMBs52PCPgLb2nGPoeT4iU3HdQZHcPaZVw+7CsFagRJHUhyeTgorEwHXhFf3e7Evzi8oujKNpHc8TONth8AdQ==
  dependencies:
    "@types/eslint-visitor-keys" "^1.0.0"
    "@typescript-eslint/experimental-utils" "1.13.0"
    "@typescript-eslint/typescript-estree" "1.13.0"
    eslint-visitor-keys "^1.0.0"

"@typescript-eslint/typescript-estree@1.13.0":
  version "1.13.0"
  resolved "https://registry.yarnpkg.com/@typescript-eslint/typescript-estree/-/typescript-estree-1.13.0.tgz#8140f17d0f60c03619798f1d628b8434913dc32e"
  integrity sha512-b5rCmd2e6DCC6tCTN9GSUAuxdYwCM/k/2wdjHGrIRGPSJotWMCe/dGpi66u42bhuh8q3QBzqM4TMA1GUUCJvdw==
  dependencies:
    lodash.unescape "4.0.1"
    semver "5.5.0"

eslint-scope@^4.0.0:
  version "4.0.3"
  resolved "https://registry.yarnpkg.com/eslint-scope/-/eslint-scope-4.0.3.tgz#ca03833310f6889a3264781aa82e63eb9cfe7848"
  integrity sha512-p7VutNr1O/QrxysMo3E45FjYDTeXBy0iTltPFNSqKAIfjDSXC+4dj+qfyuD8bfAXrW/y6lW3O76VaYNPKfpKrg==
  dependencies:
    esrecurse "^4.1.0"
    estraverse "^4.1.1"

eslint-visitor-keys@^1.0.0:
  version "1.0.0"
  resolved "https://registry.yarnpkg.com/eslint-visitor-keys/-/eslint-visitor-keys-1.0.0.tgz#3f3180fb2e291017716acb4c9d6d5b5c34a6a81d"
  integrity sha512-qzm/XxIbxm/FHyH341ZrbnMUpe+5Bocte9xkmFMzPMjRaZMcXww+MpBptFvtU+79L362nqiLhekCxCxDPaUMBQ==

esrecurse@^4.1.0:
  version "4.2.1"
  resolved "https://registry.yarnpkg.com/esrecurse/-/esrecurse-4.2.1.tgz#007a3b9fdbc2b3bb87e4879ea19c92fdbd3942cf"
  integrity sha512-64RBB++fIOAXPw3P9cy89qfMlvZEXZkqqJkjqqXIvzP5ezRZjW+lPWjw35UX/3EhUPFYbg5ER4JYgDw4007/DQ==
  dependencies:
    estraverse "^4.1.0"

estraverse@^4.1.0, estraverse@^4.1.1:
  version "4.2.0"
  resolved "https://registry.yarnpkg.com/estraverse/-/estraverse-4.2.0.tgz#0dee3fed31fcd469618ce7342099fc1afa0bdb13"
  integrity sha1-De4/7TH81GlhjOc0IJn8GvoL2xM=

lodash.unescape@4.0.1:
  version "4.0.1"
  resolved "https://registry.yarnpkg.com/lodash.unescape/-/lodash.unescape-4.0.1.tgz#bf2249886ce514cda112fae9218cdc065211fc9c"
  integrity sha1-vyJJiGzlFM2hEvrpIYzcBlIR/Jw=

semver@5.5.0:
  version "5.5.0"
  resolved "https://registry.yarnpkg.com/semver/-/semver-5.5.0.tgz#dc4bbc7a6ca9d916dee5d43516f0092b58f7b8ab"
  integrity sha512-4SJ3dm0WAwWy/NVeioZh5AntkdJoWKxHxcmyP622fOkgHa4z3R0TdBJICINyaSDE6uNwVc8gZr+ZinwZAH4xIA==
